// !$*UTF8*$!
{
	archiveVersion = 1;
	classes = {
	};
	objectVersion = 46;
	objects = {

/* Begin PBXFileReference section */
		A509636D202E8F4200F9350E /* en */ = {isa = PBXFileReference; lastKnownFileType = text.xml; name = en; path = en.lproj/about.xml; sourceTree = "<group>"; };
		A509636F202E8F4200F9350E /* en */ = {isa = PBXFileReference; lastKnownFileType = text.xml; name = en; path = en.lproj/features.xml; sourceTree = "<group>"; };
		A5096371202E8F4200F9350E /* en */ = {isa = PBXFileReference; lastKnownFileType = text.xml; name = en; path = en.lproj/footer.xml; sourceTree = "<group>"; };
		A5096373202E8F4200F9350E /* en */ = {isa = PBXFileReference; lastKnownFileType = text.xml; name = en; path = en.lproj/header.xml; sourceTree = "<group>"; };
		A5096375202E8F4200F9350E /* en */ = {isa = PBXFileReference; lastKnownFileType = text.xml; name = en; path = en.lproj/index.xml; sourceTree = "<group>"; };
		A5096377202E8F4200F9350E /* en */ = {isa = PBXFileReference; lastKnownFileType = text.xml; name = en; path = en.lproj/menu.xml; sourceTree = "<group>"; };
		A5096379202E8F4200F9350E /* en */ = {isa = PBXFileReference; lastKnownFileType = text.xml; name = en; path = en.lproj/releasenotes.xml; sourceTree = "<group>"; };
		A509637B202E8F4200F9350E /* en */ = {isa = PBXFileReference; lastKnownFileType = text.xml; name = en; path = en.lproj/support.xml; sourceTree = "<group>"; };
		A509637D202E8F4200F9350E /* en */ = {isa = PBXFileReference; lastKnownFileType = text.xml; name = en; path = en.lproj/usage.xml; sourceTree = "<group>"; };
		A509637E202E8F4900F9350E /* fr */ = {isa = PBXFileReference; lastKnownFileType = text.xml; name = fr; path = fr.lproj/about.xml; sourceTree = "<group>"; };
		A509637F202E8F4D00F9350E /* fr */ = {isa = PBXFileReference; lastKnownFileType = text.xml; name = fr; path = fr.lproj/features.xml; sourceTree = "<group>"; };
		A5096380202E8F5100F9350E /* fr */ = {isa = PBXFileReference; lastKnownFileType = text.xml; name = fr; path = fr.lproj/footer.xml; sourceTree = "<group>"; };
		A5096381202E8F5600F9350E /* fr */ = {isa = PBXFileReference; lastKnownFileType = text.xml; name = fr; path = fr.lproj/header.xml; sourceTree = "<group>"; };
		A5096382202E8F5A00F9350E /* fr */ = {isa = PBXFileReference; lastKnownFileType = text.xml; name = fr; path = fr.lproj/index.xml; sourceTree = "<group>"; };
		A5096383202E8F5E00F9350E /* fr */ = {isa = PBXFileReference; lastKnownFileType = text.xml; name = fr; path = fr.lproj/menu.xml; sourceTree = "<group>"; };
		A5096384202E8F6100F9350E /* fr */ = {isa = PBXFileReference; lastKnownFileType = text.xml; name = fr; path = fr.lproj/releasenotes.xml; sourceTree = "<group>"; };
		A5096385202E8F6500F9350E /* fr */ = {isa = PBXFileReference; lastKnownFileType = text.xml; name = fr; path = fr.lproj/support.xml; sourceTree = "<group>"; };
		A5096386202E8F6900F9350E /* fr */ = {isa = PBXFileReference; lastKnownFileType = text.xml; name = fr; path = fr.lproj/usage.xml; sourceTree = "<group>"; };
		A51AF37322BD31B90038F936 /* fr */ = {isa = PBXFileReference; lastKnownFileType = text.xml; name = fr; path = fr.lproj/credits.xml; sourceTree = "<group>"; };
		A51AF37422BD31BA0038F936 /* en */ = {isa = PBXFileReference; lastKnownFileType = text.xml; name = en; path = en.lproj/credits.xml; sourceTree = "<group>"; };
		A5252CC6159BE6FE003D7C3D /* images */ = {isa = PBXFileReference; lastKnownFileType = folder; path = images; sourceTree = "<group>"; };
		A52F386023296BA40078F30D /* Info.plist */ = {isa = PBXFileReference; lastKnownFileType = text.plist.xml; path = Info.plist; sourceTree = "<group>"; };
		A52F3872232989F00078F30D /* fr */ = {isa = PBXFileReference; lastKnownFileType = text.plist.xml; name = fr; path = fr.lproj/ExactMatch.plist; sourceTree = "<group>"; };
		A52F3873232989F00078F30D /* en */ = {isa = PBXFileReference; lastKnownFileType = text.plist.xml; name = en; path = en.lproj/ExactMatch.plist; sourceTree = "<group>"; };
		A53AAE31201FAAD700769E2C /* Info.plist */ = {isa = PBXFileReference; lastKnownFileType = text.plist.xml; path = Info.plist; sourceTree = "<group>"; };
		A55B6E1811289AD800DE8990 /* Makefile.localized */ = {isa = PBXFileReference; fileEncoding = 4; lastKnownFileType = text; path = Makefile.localized; sourceTree = "<group>"; };
		A56F8E61202BF8ED00394F77 /* pages.xsl */ = {isa = PBXFileReference; fileEncoding = 4; lastKnownFileType = text.xml; path = pages.xsl; sourceTree = "<group>"; };
		A5B36FA30BF2A9CF00D372D4 /* index.xsl */ = {isa = PBXFileReference; fileEncoding = 30; lastKnownFileType = text.xml; path = index.xsl; sourceTree = "<group>"; };
		A5B36FA40BF2A9CF00D372D4 /* Makefile */ = {isa = PBXFileReference; fileEncoding = 30; lastKnownFileType = sourcecode.make; path = Makefile; sourceTree = "<group>"; };
		A5D97561232940CB00098AE9 /* eshelp.xsl */ = {isa = PBXFileReference; lastKnownFileType = text.xml; path = eshelp.xsl; sourceTree = "<group>"; };
		A5D97562232940E500098AE9 /* eshelp.css */ = {isa = PBXFileReference; lastKnownFileType = text.css; path = eshelp.css; sourceTree = "<group>"; };
/* End PBXFileReference section */

/* Begin PBXGroup section */
		08FB7794FE84155DC02AAC07 /* Help */ = {
			isa = PBXGroup;
			children = (
				A5096372202E8F4200F9350E /* header.xml */,
				A5096370202E8F4200F9350E /* footer.xml */,
				A5096376202E8F4200F9350E /* menu.xml */,
				A5096374202E8F4200F9350E /* index.xml */,
				A509636C202E8F4200F9350E /* about.xml */,
				A51AF37222BD31B90038F936 /* credits.xml */,
				A509636E202E8F4200F9350E /* features.xml */,
				A5096378202E8F4200F9350E /* releasenotes.xml */,
				A509637A202E8F4200F9350E /* support.xml */,
				A509637C202E8F4200F9350E /* usage.xml */,
				A52F3871232989F00078F30D /* ExactMatch.plist */,
				A5252CC6159BE6FE003D7C3D /* images */,
				A5D97561232940CB00098AE9 /* eshelp.xsl */,
				A5B36FA30BF2A9CF00D372D4 /* index.xsl */,
				A56F8E61202BF8ED00394F77 /* pages.xsl */,
				A5D97562232940E500098AE9 /* eshelp.css */,
				A5B36FA40BF2A9CF00D372D4 /* Makefile */,
				A55B6E1811289AD800DE8990 /* Makefile.localized */,
				A53AAE31201FAAD700769E2C /* Info.plist */,
				A52F385F23296BA40078F30D /* myapp */,
				A53AAE2F201FAAD700769E2C /* Products */,
			);
			name = Help;
			sourceTree = "<group>";
		};
		A52F385F23296BA40078F30D /* myapp */ = {
			isa = PBXGroup;
			children = (
				A52F386023296BA40078F30D /* Info.plist */,
			);
			path = myapp;
			sourceTree = "<group>";
		};
		A53AAE2F201FAAD700769E2C /* Products */ = {
			isa = PBXGroup;
			children = (
			);
			name = Products;
			sourceTree = "<group>";
		};
/* End PBXGroup section */

/* Begin PBXLegacyTarget section */
		D28A88AD04BDD90700651E21 /* ESXSLHelp */ = {
			isa = PBXLegacyTarget;
			buildArgumentsString = "$(ACTION)";
			buildConfigurationList = 1DEB918F08733D9F0010E9CD /* Build configuration list for PBXLegacyTarget "ESXSLHelp" */;
			buildPhases = (
			);
			buildToolPath = /usr/bin/make;
			dependencies = (
			);
			name = ESXSLHelp;
			passBuildSettingsInEnvironment = 1;
			productName = Help;
		};
/* End PBXLegacyTarget section */

/* Begin PBXProject section */
		08FB7793FE84155DC02AAC07 /* Project object */ = {
			isa = PBXProject;
			attributes = {
				LastUpgradeCheck = 1000;
			};
			buildConfigurationList = 1DEB919308733D9F0010E9CD /* Build configuration list for PBXProject "ESXSLHelp" */;
			compatibilityVersion = "Xcode 3.2";
			developmentRegion = en;
			hasScannedForEncodings = 1;
			knownRegions = (
				en,
				fr,
				Base,
			);
			mainGroup = 08FB7794FE84155DC02AAC07 /* Help */;
			productRefGroup = A53AAE2F201FAAD700769E2C /* Products */;
			projectDirPath = "";
			projectRoot = "";
			targets = (
				D28A88AD04BDD90700651E21 /* ESXSLHelp */,
			);
		};
/* End PBXProject section */

/* Begin PBXVariantGroup section */
		A509636C202E8F4200F9350E /* about.xml */ = {
			isa = PBXVariantGroup;
			children = (
				A509636D202E8F4200F9350E /* en */,
				A509637E202E8F4900F9350E /* fr */,
			);
			name = about.xml;
			sourceTree = "<group>";
		};
		A509636E202E8F4200F9350E /* features.xml */ = {
			isa = PBXVariantGroup;
			children = (
				A509636F202E8F4200F9350E /* en */,
				A509637F202E8F4D00F9350E /* fr */,
			);
			name = features.xml;
			sourceTree = "<group>";
		};
		A5096370202E8F4200F9350E /* footer.xml */ = {
			isa = PBXVariantGroup;
			children = (
				A5096371202E8F4200F9350E /* en */,
				A5096380202E8F5100F9350E /* fr */,
			);
			name = footer.xml;
			sourceTree = "<group>";
		};
		A5096372202E8F4200F9350E /* header.xml */ = {
			isa = PBXVariantGroup;
			children = (
				A5096373202E8F4200F9350E /* en */,
				A5096381202E8F5600F9350E /* fr */,
			);
			name = header.xml;
			sourceTree = "<group>";
		};
		A5096374202E8F4200F9350E /* index.xml */ = {
			isa = PBXVariantGroup;
			children = (
				A5096375202E8F4200F9350E /* en */,
				A5096382202E8F5A00F9350E /* fr */,
			);
			name = index.xml;
			sourceTree = "<group>";
		};
		A5096376202E8F4200F9350E /* menu.xml */ = {
			isa = PBXVariantGroup;
			children = (
				A5096377202E8F4200F9350E /* en */,
				A5096383202E8F5E00F9350E /* fr */,
			);
			name = menu.xml;
			sourceTree = "<group>";
		};
		A5096378202E8F4200F9350E /* releasenotes.xml */ = {
			isa = PBXVariantGroup;
			children = (
				A5096379202E8F4200F9350E /* en */,
				A5096384202E8F6100F9350E /* fr */,
			);
			name = releasenotes.xml;
			sourceTree = "<group>";
		};
		A509637A202E8F4200F9350E /* support.xml */ = {
			isa = PBXVariantGroup;
			children = (
				A509637B202E8F4200F9350E /* en */,
				A5096385202E8F6500F9350E /* fr */,
			);
			name = support.xml;
			sourceTree = "<group>";
		};
		A509637C202E8F4200F9350E /* usage.xml */ = {
			isa = PBXVariantGroup;
			children = (
				A509637D202E8F4200F9350E /* en */,
				A5096386202E8F6900F9350E /* fr */,
			);
			name = usage.xml;
			sourceTree = "<group>";
		};
		A51AF37222BD31B90038F936 /* credits.xml */ = {
			isa = PBXVariantGroup;
			children = (
				A51AF37322BD31B90038F936 /* fr */,
				A51AF37422BD31BA0038F936 /* en */,
			);
			name = credits.xml;
			sourceTree = "<group>";
		};
		A52F3871232989F00078F30D /* ExactMatch.plist */ = {
			isa = PBXVariantGroup;
			children = (
				A52F3872232989F00078F30D /* fr */,
				A52F3873232989F00078F30D /* en */,
			);
			name = ExactMatch.plist;
			sourceTree = "<group>";
		};
/* End PBXVariantGroup section */

/* Begin XCBuildConfiguration section */
		1DEB919008733D9F0010E9CD /* Default */ = {
			isa = XCBuildConfiguration;
			buildSettings = {
				APP_NAME = myapp;
				BUNDLE_ID = com.mycompany.myapp.help;
				CLANG_ENABLE_OBJC_WEAK = YES;
				COMBINE_HIDPI_IMAGES = YES;
				PRODUCT_NAME = com.mycompany.myapp.help;
				XSLT_PARAMS = "";
			};
			name = Default;
		};
		1DEB919408733D9F0010E9CD /* Default */ = {
			isa = XCBuildConfiguration;
			buildSettings = {
				CLANG_ANALYZER_LOCALIZABILITY_NONLOCALIZED = YES;
				CLANG_WARN_BLOCK_CAPTURE_AUTORELEASING = YES;
				CLANG_WARN_BOOL_CONVERSION = YES;
				CLANG_WARN_COMMA = YES;
				CLANG_WARN_CONSTANT_CONVERSION = YES;
				CLANG_WARN_DEPRECATED_OBJC_IMPLEMENTATIONS = YES;
				CLANG_WARN_EMPTY_BODY = YES;
				CLANG_WARN_ENUM_CONVERSION = YES;
				CLANG_WARN_INFINITE_RECURSION = YES;
				CLANG_WARN_INT_CONVERSION = YES;
				CLANG_WARN_NON_LITERAL_NULL_CONVERSION = YES;
				CLANG_WARN_OBJC_IMPLICIT_RETAIN_SELF = YES;
				CLANG_WARN_OBJC_LITERAL_CONVERSION = YES;
				CLANG_WARN_RANGE_LOOP_ANALYSIS = YES;
				CLANG_WARN_STRICT_PROTOTYPES = YES;
				CLANG_WARN_SUSPICIOUS_MOVE = YES;
				CLANG_WARN_UNREACHABLE_CODE = YES;
				CLANG_WARN__DUPLICATE_METHOD_MATCH = YES;
				ENABLE_STRICT_OBJC_MSGSEND = YES;
				GCC_NO_COMMON_BLOCKS = YES;
				GCC_WARN_64_TO_32_BIT_CONVERSION = YES;
				GCC_WARN_ABOUT_RETURN_TYPE = YES;
				GCC_WARN_UNDECLARED_SELECTOR = YES;
				GCC_WARN_UNINITIALIZED_AUTOS = YES;
				GCC_WARN_UNUSED_FUNCTION = YES;
				GCC_WARN_UNUSED_VARIABLE = YES;
				MACOSX_DEPLOYMENT_TARGET = 10.9;
			};
			name = Default;
		};
/* End XCBuildConfiguration section */

/* Begin XCConfigurationList section */
		1DEB918F08733D9F0010E9CD /* Build configuration list for PBXLegacyTarget "ESXSLHelp" */ = {
			isa = XCConfigurationList;
			buildConfigurations = (
				1DEB919008733D9F0010E9CD /* Default */,
			);
			defaultConfigurationIsVisible = 0;
			defaultConfigurationName = Default;
		};
		1DEB919308733D9F0010E9CD /* Build configuration list for PBXProject "ESXSLHelp" */ = {
			isa = XCConfigurationList;
			buildConfigurations = (
				1DEB919408733D9F0010E9CD /* Default */,
			);
			defaultConfigurationIsVisible = 0;
			defaultConfigurationName = Default;
		};
/* End XCConfigurationList section */
	};
	rootObject = 08FB7793FE84155DC02AAC07 /* Project object */;
}
